
Microsoft Visual Studio Solution File, Format Version 12.00
# Visual Studio Version 16
VisualStudioVersion = 16.0.30717.126
MinimumVisualStudioVersion = 10.0.40219.1
Project("{9A19103F-16F7-4668-BE54-9A1E7A4F7556}") = "ElasticSearchMVC", "ElasticSeacrhMVC\ElasticSearchMVC.csproj", "{C44A5152-E3A4-445B-959B-0AB26C13BB9F}"
EndProject
Global
	GlobalSection(SolutionConfigurationPlatforms) = preSolution
		Debug|Any CPU = Debug|Any CPU
		Release|Any CPU = Release|Any CPU
	EndGlobalSection
	GlobalSection(ProjectConfigurationPlatforms) = postSolution
		{C44A5152-E3A4-445B-959B-0AB26C13BB9F}.Debug|Any CPU.ActiveCfg = Debug|Any CPU
		{C44A5152-E3A4-445B-959B-0AB26C13BB9F}.Debug|Any CPU.Build.0 = Debug|Any CPU
		{C44A5152-E3A4-445B-959B-0AB26C13BB9F}.Release|Any CPU.ActiveCfg = Release|Any CPU
		{C44A5152-E3A4-445B-959B-0AB26C13BB9F}.Release|Any CPU.Build.0 = Release|Any CPU
	EndGlobalSection
	GlobalSection(SolutionProperties) = preSolution
		HideSolutionNode = FALSE
	EndGlobalSection
	GlobalSection(ExtensibilityGlobals) = postSolution
		SolutionGuid = {A1607AEC-55AA-4E7B-A3F1-937AA8E67E08}
	EndGlobalSection
EndGlobal
